{
  "name": "secret-date-invite",
  "version": "1.0.0",
  "lockfileVersion": 3,
  "requires": true,
  "packages": {
    "": {
      "name": "secret-date-invite",
      "version": "1.0.0",
      "license": "ISC",
      "dependencies": {
        "@emailjs/nodejs": "^4.1.0"
      },
      "devDependencies": {}
    },
    "node_modules/@emailjs/nodejs": {
      "version": "4.1.0",
      "resolved": "https://registry.npmjs.org/@emailjs/nodejs/-/nodejs-4.1.0.tgz",
      "integrity": "sha512-d97BsKytRhP9Nme66Hmk+S5HO+zQPJ0XZ+FsNERS8uxpSXvj6rEXUeOC49ilH8LAWOdb/eL8xhsM9tfpHrvkcA==",
      "license": "BSD-3-Clause",
      "engines": {
        "node": ">=14.0.0"
      }
    }
  }
}
